// !$*UTF8*$!
{
	archiveVersion = 1;
	classes = {
	};
	objectVersion = 55;
	objects = {

/* Begin PBXBuildFile section */
		00C4A14E2707ED18007EE422 /* AppDelegate.swift in Sources */ = {isa = PBXBuildFile; fileRef = 00C4A14D2707ED18007EE422 /* AppDelegate.swift */; };
		00C4A1502707ED18007EE422 /* SceneDelegate.swift in Sources */ = {isa = PBXBuildFile; fileRef = 00C4A14F2707ED18007EE422 /* SceneDelegate.swift */; };
		00C4A1522707ED18007EE422 /* WeatherViewController.swift in Sources */ = {isa = PBXBuildFile; fileRef = 00C4A1512707ED18007EE422 /* WeatherViewController.swift */; };
		00C4A1572707ED19007EE422 /* Assets.xcassets in Resources */ = {isa = PBXBuildFile; fileRef = 00C4A1562707ED19007EE422 /* Assets.xcassets */; };
		00C4A15A2707ED19007EE422 /* LaunchScreen.storyboard in Resources */ = {isa = PBXBuildFile; fileRef = 00C4A1582707ED19007EE422 /* LaunchScreen.storyboard */; };
		00C4A1652707ED1A007EE422 /* Weather_NabTests.swift in Sources */ = {isa = PBXBuildFile; fileRef = 00C4A1642707ED1A007EE422 /* Weather_NabTests.swift */; };
		00C4A16F2707ED1A007EE422 /* Weather_NabUITests.swift in Sources */ = {isa = PBXBuildFile; fileRef = 00C4A16E2707ED1A007EE422 /* Weather_NabUITests.swift */; };
		00C4A1712707ED1A007EE422 /* Weather_NabUITestsLaunchTests.swift in Sources */ = {isa = PBXBuildFile; fileRef = 00C4A1702707ED1A007EE422 /* Weather_NabUITestsLaunchTests.swift */; };
		00C4A1922707F352007EE422 /* RxCocoa in Frameworks */ = {isa = PBXBuildFile; productRef = 00C4A1912707F352007EE422 /* RxCocoa */; };
		00C4A1942707F352007EE422 /* RxRelay in Frameworks */ = {isa = PBXBuildFile; productRef = 00C4A1932707F352007EE422 /* RxRelay */; };
		00C4A1962707F352007EE422 /* RxSwift in Frameworks */ = {isa = PBXBuildFile; productRef = 00C4A1952707F352007EE422 /* RxSwift */; };
		00C4A19B2707F440007EE422 /* Alamofire in Frameworks */ = {isa = PBXBuildFile; productRef = 00C4A19A2707F440007EE422 /* Alamofire */; };
		00C4A19E2707F450007EE422 /* EasyPeasy in Frameworks */ = {isa = PBXBuildFile; productRef = 00C4A19D2707F450007EE422 /* EasyPeasy */; };
		00C4A1A22707F5E5007EE422 /* WeatherRepository.swift in Sources */ = {isa = PBXBuildFile; fileRef = 00C4A1A12707F5E5007EE422 /* WeatherRepository.swift */; };
		00C4A1A52707F61B007EE422 /* Forecast.swift in Sources */ = {isa = PBXBuildFile; fileRef = 00C4A1A42707F61B007EE422 /* Forecast.swift */; };
		00C4A1A927081CC5007EE422 /* OpenWeatherRepository.swift in Sources */ = {isa = PBXBuildFile; fileRef = 00C4A1A827081CC5007EE422 /* OpenWeatherRepository.swift */; };
		00C4A1AC27081EB4007EE422 /* WeatherViewModel.swift in Sources */ = {isa = PBXBuildFile; fileRef = 00C4A1AB27081EB4007EE422 /* WeatherViewModel.swift */; };
		00C4A1AE27081F67007EE422 /* AppEnvironment.swift in Sources */ = {isa = PBXBuildFile; fileRef = 00C4A1AD27081F67007EE422 /* AppEnvironment.swift */; };
		00C4A1B127083B74007EE422 /* Coordinator.swift in Sources */ = {isa = PBXBuildFile; fileRef = 00C4A1B027083B74007EE422 /* Coordinator.swift */; };
		00C4A1B327083B8A007EE422 /* SceneCoordinator.swift in Sources */ = {isa = PBXBuildFile; fileRef = 00C4A1B227083B8A007EE422 /* SceneCoordinator.swift */; };
/* End PBXBuildFile section */

/* Begin PBXContainerItemProxy section */
		00C4A1612707ED1A007EE422 /* PBXContainerItemProxy */ = {
			isa = PBXContainerItemProxy;
			containerPortal = 00C4A1422707ED18007EE422 /* Project object */;
			proxyType = 1;
			remoteGlobalIDString = 00C4A1492707ED18007EE422;
			remoteInfo = "Weather Nab";
		};
		00C4A16B2707ED1A007EE422 /* PBXContainerItemProxy */ = {
			isa = PBXContainerItemProxy;
			containerPortal = 00C4A1422707ED18007EE422 /* Project object */;
			proxyType = 1;
			remoteGlobalIDString = 00C4A1492707ED18007EE422;
			remoteInfo = "Weather Nab";
		};
/* End PBXContainerItemProxy section */

/* Begin PBXFileReference section */
		00C4A14A2707ED18007EE422 /* Weather Nab.app */ = {isa = PBXFileReference; explicitFileType = wrapper.application; includeInIndex = 0; path = "Weather Nab.app"; sourceTree = BUILT_PRODUCTS_DIR; };
		00C4A14D2707ED18007EE422 /* AppDelegate.swift */ = {isa = PBXFileReference; lastKnownFileType = sourcecode.swift; path = AppDelegate.swift; sourceTree = "<group>"; };
		00C4A14F2707ED18007EE422 /* SceneDelegate.swift */ = {isa = PBXFileReference; lastKnownFileType = sourcecode.swift; path = SceneDelegate.swift; sourceTree = "<group>"; };
		00C4A1512707ED18007EE422 /* WeatherViewController.swift */ = {isa = PBXFileReference; lastKnownFileType = sourcecode.swift; path = WeatherViewController.swift; sourceTree = "<group>"; };
		00C4A1562707ED19007EE422 /* Assets.xcassets */ = {isa = PBXFileReference; lastKnownFileType = folder.assetcatalog; path = Assets.xcassets; sourceTree = "<group>"; };
		00C4A1592707ED19007EE422 /* Base */ = {isa = PBXFileReference; lastKnownFileType = file.storyboard; name = Base; path = Base.lproj/LaunchScreen.storyboard; sourceTree = "<group>"; };
		00C4A15B2707ED19007EE422 /* Info.plist */ = {isa = PBXFileReference; lastKnownFileType = text.plist.xml; path = Info.plist; sourceTree = "<group>"; };
		00C4A1602707ED1A007EE422 /* Weather NabTests.xctest */ = {isa = PBXFileReference; explicitFileType = wrapper.cfbundle; includeInIndex = 0; path = "Weather NabTests.xctest"; sourceTree = BUILT_PRODUCTS_DIR; };
		00C4A1642707ED1A007EE422 /* Weather_NabTests.swift */ = {isa = PBXFileReference; lastKnownFileType = sourcecode.swift; path = Weather_NabTests.swift; sourceTree = "<group>"; };
		00C4A16A2707ED1A007EE422 /* Weather NabUITests.xctest */ = {isa = PBXFileReference; explicitFileType = wrapper.cfbundle; includeInIndex = 0; path = "Weather NabUITests.xctest"; sourceTree = BUILT_PRODUCTS_DIR; };
		00C4A16E2707ED1A007EE422 /* Weather_NabUITests.swift */ = {isa = PBXFileReference; lastKnownFileType = sourcecode.swift; path = Weather_NabUITests.swift; sourceTree = "<group>"; };
		00C4A1702707ED1A007EE422 /* Weather_NabUITestsLaunchTests.swift */ = {isa = PBXFileReference; lastKnownFileType = sourcecode.swift; path = Weather_NabUITestsLaunchTests.swift; sourceTree = "<group>"; };
		00C4A1A12707F5E5007EE422 /* WeatherRepository.swift */ = {isa = PBXFileReference; lastKnownFileType = sourcecode.swift; path = WeatherRepository.swift; sourceTree = "<group>"; };
		00C4A1A42707F61B007EE422 /* Forecast.swift */ = {isa = PBXFileReference; lastKnownFileType = sourcecode.swift; path = Forecast.swift; sourceTree = "<group>"; };
		00C4A1A827081CC5007EE422 /* OpenWeatherRepository.swift */ = {isa = PBXFileReference; lastKnownFileType = sourcecode.swift; path = OpenWeatherRepository.swift; sourceTree = "<group>"; };
		00C4A1AB27081EB4007EE422 /* WeatherViewModel.swift */ = {isa = PBXFileReference; lastKnownFileType = sourcecode.swift; path = WeatherViewModel.swift; sourceTree = "<group>"; };
		00C4A1AD27081F67007EE422 /* AppEnvironment.swift */ = {isa = PBXFileReference; lastKnownFileType = sourcecode.swift; path = AppEnvironment.swift; sourceTree = "<group>"; };
		00C4A1B027083B74007EE422 /* Coordinator.swift */ = {isa = PBXFileReference; lastKnownFileType = sourcecode.swift; path = Coordinator.swift; sourceTree = "<group>"; };
		00C4A1B227083B8A007EE422 /* SceneCoordinator.swift */ = {isa = PBXFileReference; lastKnownFileType = sourcecode.swift; path = SceneCoordinator.swift; sourceTree = "<group>"; };
/* End PBXFileReference section */

/* Begin PBXFrameworksBuildPhase section */
		00C4A1472707ED18007EE422 /* Frameworks */ = {
			isa = PBXFrameworksBuildPhase;
			buildActionMask = 2147483647;
			files = (
				00C4A19E2707F450007EE422 /* EasyPeasy in Frameworks */,
				00C4A1942707F352007EE422 /* RxRelay in Frameworks */,
				00C4A19B2707F440007EE422 /* Alamofire in Frameworks */,
				00C4A1922707F352007EE422 /* RxCocoa in Frameworks */,
				00C4A1962707F352007EE422 /* RxSwift in Frameworks */,
			);
			runOnlyForDeploymentPostprocessing = 0;
		};
		00C4A15D2707ED1A007EE422 /* Frameworks */ = {
			isa = PBXFrameworksBuildPhase;
			buildActionMask = 2147483647;
			files = (
			);
			runOnlyForDeploymentPostprocessing = 0;
		};
		00C4A1672707ED1A007EE422 /* Frameworks */ = {
			isa = PBXFrameworksBuildPhase;
			buildActionMask = 2147483647;
			files = (
			);
			runOnlyForDeploymentPostprocessing = 0;
		};
/* End PBXFrameworksBuildPhase section */

/* Begin PBXGroup section */
		00C4A1412707ED18007EE422 = {
			isa = PBXGroup;
			children = (
				00C4A14C2707ED18007EE422 /* Weather Nab */,
				00C4A1632707ED1A007EE422 /* Weather NabTests */,
				00C4A16D2707ED1A007EE422 /* Weather NabUITests */,
				00C4A14B2707ED18007EE422 /* Products */,
				00C4A18E2707F352007EE422 /* Frameworks */,
			);
			sourceTree = "<group>";
		};
		00C4A14B2707ED18007EE422 /* Products */ = {
			isa = PBXGroup;
			children = (
				00C4A14A2707ED18007EE422 /* Weather Nab.app */,
				00C4A1602707ED1A007EE422 /* Weather NabTests.xctest */,
				00C4A16A2707ED1A007EE422 /* Weather NabUITests.xctest */,
			);
			name = Products;
			sourceTree = "<group>";
		};
		00C4A14C2707ED18007EE422 /* Weather Nab */ = {
			isa = PBXGroup;
			children = (
				00C4A14D2707ED18007EE422 /* AppDelegate.swift */,
				00C4A1AD27081F67007EE422 /* AppEnvironment.swift */,
				00C4A1B227083B8A007EE422 /* SceneCoordinator.swift */,
				00C4A14F2707ED18007EE422 /* SceneDelegate.swift */,
				00C4A19F2707F5B7007EE422 /* Controllers */,
				00C4A1AF27083B69007EE422 /* Coordinators */,
				00C4A1A32707F615007EE422 /* Models */,
				00C4A1A02707F5C9007EE422 /* Repositories */,
				00C4A1AA27081EAB007EE422 /* ViewModels */,
				00C4A1562707ED19007EE422 /* Assets.xcassets */,
				00C4A15B2707ED19007EE422 /* Info.plist */,
				00C4A1582707ED19007EE422 /* LaunchScreen.storyboard */,
			);
			path = "Weather Nab";
			sourceTree = "<group>";
		};
		00C4A1632707ED1A007EE422 /* Weather NabTests */ = {
			isa = PBXGroup;
			children = (
				00C4A1642707ED1A007EE422 /* Weather_NabTests.swift */,
			);
			path = "Weather NabTests";
			sourceTree = "<group>";
		};
		00C4A16D2707ED1A007EE422 /* Weather NabUITests */ = {
			isa = PBXGroup;
			children = (
				00C4A16E2707ED1A007EE422 /* Weather_NabUITests.swift */,
				00C4A1702707ED1A007EE422 /* Weather_NabUITestsLaunchTests.swift */,
			);
			path = "Weather NabUITests";
			sourceTree = "<group>";
		};
		00C4A18E2707F352007EE422 /* Frameworks */ = {
			isa = PBXGroup;
			children = (
			);
			name = Frameworks;
			sourceTree = "<group>";
		};
		00C4A19F2707F5B7007EE422 /* Controllers */ = {
			isa = PBXGroup;
			children = (
				00C4A1512707ED18007EE422 /* WeatherViewController.swift */,
			);
			path = Controllers;
			sourceTree = "<group>";
		};
		00C4A1A02707F5C9007EE422 /* Repositories */ = {
			isa = PBXGroup;
			children = (
				00C4A1A12707F5E5007EE422 /* WeatherRepository.swift */,
				00C4A1A827081CC5007EE422 /* OpenWeatherRepository.swift */,
			);
			path = Repositories;
			sourceTree = "<group>";
		};
		00C4A1A32707F615007EE422 /* Models */ = {
			isa = PBXGroup;
			children = (
				00C4A1A42707F61B007EE422 /* Forecast.swift */,
			);
			path = Models;
			sourceTree = "<group>";
		};
		00C4A1AA27081EAB007EE422 /* ViewModels */ = {
			isa = PBXGroup;
			children = (
				00C4A1AB27081EB4007EE422 /* WeatherViewModel.swift */,
			);
			path = ViewModels;
			sourceTree = "<group>";
		};
		00C4A1AF27083B69007EE422 /* Coordinators */ = {
			isa = PBXGroup;
			children = (
				00C4A1B027083B74007EE422 /* Coordinator.swift */,
			);
			path = Coordinators;
			sourceTree = "<group>";
		};
/* End PBXGroup section */

/* Begin PBXNativeTarget section */
		00C4A1492707ED18007EE422 /* Weather Nab */ = {
			isa = PBXNativeTarget;
			buildConfigurationList = 00C4A1742707ED1A007EE422 /* Build configuration list for PBXNativeTarget "Weather Nab" */;
			buildPhases = (
				00C4A1462707ED18007EE422 /* Sources */,
				00C4A1472707ED18007EE422 /* Frameworks */,
				00C4A1482707ED18007EE422 /* Resources */,
			);
			buildRules = (
			);
			dependencies = (
			);
			name = "Weather Nab";
			packageProductDependencies = (
				00C4A1912707F352007EE422 /* RxCocoa */,
				00C4A1932707F352007EE422 /* RxRelay */,
				00C4A1952707F352007EE422 /* RxSwift */,
				00C4A19A2707F440007EE422 /* Alamofire */,
				00C4A19D2707F450007EE422 /* EasyPeasy */,
			);
			productName = "Weather Nab";
			productReference = 00C4A14A2707ED18007EE422 /* Weather Nab.app */;
			productType = "com.apple.product-type.application";
		};
		00C4A15F2707ED1A007EE422 /* Weather NabTests */ = {
			isa = PBXNativeTarget;
			buildConfigurationList = 00C4A1772707ED1A007EE422 /* Build configuration list for PBXNativeTarget "Weather NabTests" */;
			buildPhases = (
				00C4A15C2707ED1A007EE422 /* Sources */,
				00C4A15D2707ED1A007EE422 /* Frameworks */,
				00C4A15E2707ED1A007EE422 /* Resources */,
			);
			buildRules = (
			);
			dependencies = (
				00C4A1622707ED1A007EE422 /* PBXTargetDependency */,
			);
			name = "Weather NabTests";
			productName = "Weather NabTests";
			productReference = 00C4A1602707ED1A007EE422 /* Weather NabTests.xctest */;
			productType = "com.apple.product-type.bundle.unit-test";
		};
		00C4A1692707ED1A007EE422 /* Weather NabUITests */ = {
			isa = PBXNativeTarget;
			buildConfigurationList = 00C4A17A2707ED1A007EE422 /* Build configuration list for PBXNativeTarget "Weather NabUITests" */;
			buildPhases = (
				00C4A1662707ED1A007EE422 /* Sources */,
				00C4A1672707ED1A007EE422 /* Frameworks */,
				00C4A1682707ED1A007EE422 /* Resources */,
			);
			buildRules = (
			);
			dependencies = (
				00C4A16C2707ED1A007EE422 /* PBXTargetDependency */,
			);
			name = "Weather NabUITests";
			productName = "Weather NabUITests";
			productReference = 00C4A16A2707ED1A007EE422 /* Weather NabUITests.xctest */;
			productType = "com.apple.product-type.bundle.ui-testing";
		};
/* End PBXNativeTarget section */

/* Begin PBXProject section */
		00C4A1422707ED18007EE422 /* Project object */ = {
			isa = PBXProject;
			attributes = {
				BuildIndependentTargetsInParallel = 1;
				LastSwiftUpdateCheck = 1300;
				LastUpgradeCheck = 1300;
				TargetAttributes = {
					00C4A1492707ED18007EE422 = {
						CreatedOnToolsVersion = 13.0;
					};
					00C4A15F2707ED1A007EE422 = {
						CreatedOnToolsVersion = 13.0;
						TestTargetID = 00C4A1492707ED18007EE422;
					};
					00C4A1692707ED1A007EE422 = {
						CreatedOnToolsVersion = 13.0;
						TestTargetID = 00C4A1492707ED18007EE422;
					};
				};
			};
			buildConfigurationList = 00C4A1452707ED18007EE422 /* Build configuration list for PBXProject "Weather Nab" */;
			compatibilityVersion = "Xcode 13.0";
			developmentRegion = en;
			hasScannedForEncodings = 0;
			knownRegions = (
				en,
				Base,
			);
			mainGroup = 00C4A1412707ED18007EE422;
			packageReferences = (
				00C4A17D2707F195007EE422 /* XCRemoteSwiftPackageReference "RxSwift" */,
				00C4A1992707F440007EE422 /* XCRemoteSwiftPackageReference "Alamofire" */,
				00C4A19C2707F44F007EE422 /* XCRemoteSwiftPackageReference "EasyPeasy" */,
			);
			productRefGroup = 00C4A14B2707ED18007EE422 /* Products */;
			projectDirPath = "";
			projectRoot = "";
			targets = (
				00C4A1492707ED18007EE422 /* Weather Nab */,
				00C4A15F2707ED1A007EE422 /* Weather NabTests */,
				00C4A1692707ED1A007EE422 /* Weather NabUITests */,
			);
		};
/* End PBXProject section */

/* Begin PBXResourcesBuildPhase section */
		00C4A1482707ED18007EE422 /* Resources */ = {
			isa = PBXResourcesBuildPhase;
			buildActionMask = 2147483647;
			files = (
				00C4A15A2707ED19007EE422 /* LaunchScreen.storyboard in Resources */,
				00C4A1572707ED19007EE422 /* Assets.xcassets in Resources */,
			);
			runOnlyForDeploymentPostprocessing = 0;
		};
		00C4A15E2707ED1A007EE422 /* Resources */ = {
			isa = PBXResourcesBuildPhase;
			buildActionMask = 2147483647;
			files = (
			);
			runOnlyForDeploymentPostprocessing = 0;
		};
		00C4A1682707ED1A007EE422 /* Resources */ = {
			isa = PBXResourcesBuildPhase;
			buildActionMask = 2147483647;
			files = (
			);
			runOnlyForDeploymentPostprocessing = 0;
		};
/* End PBXResourcesBuildPhase section */

/* Begin PBXSourcesBuildPhase section */
		00C4A1462707ED18007EE422 /* Sources */ = {
			isa = PBXSourcesBuildPhase;
			buildActionMask = 2147483647;
			files = (
				00C4A1522707ED18007EE422 /* WeatherViewController.swift in Sources */,
				00C4A1B327083B8A007EE422 /* SceneCoordinator.swift in Sources */,
				00C4A14E2707ED18007EE422 /* AppDelegate.swift in Sources */,
				00C4A1A927081CC5007EE422 /* OpenWeatherRepository.swift in Sources */,
				00C4A1AC27081EB4007EE422 /* WeatherViewModel.swift in Sources */,
				00C4A1A22707F5E5007EE422 /* WeatherRepository.swift in Sources */,
				00C4A1AE27081F67007EE422 /* AppEnvironment.swift in Sources */,
				00C4A1502707ED18007EE422 /* SceneDelegate.swift in Sources */,
				00C4A1A52707F61B007EE422 /* Forecast.swift in Sources */,
				00C4A1B127083B74007EE422 /* Coordinator.swift in Sources */,
			);
			runOnlyForDeploymentPostprocessing = 0;
		};
		00C4A15C2707ED1A007EE422 /* Sources */ = {
			isa = PBXSourcesBuildPhase;
			buildActionMask = 2147483647;
			files = (
				00C4A1652707ED1A007EE422 /* Weather_NabTests.swift in Sources */,
			);
			runOnlyForDeploymentPostprocessing = 0;
		};
		00C4A1662707ED1A007EE422 /* Sources */ = {
			isa = PBXSourcesBuildPhase;
			buildActionMask = 2147483647;
			files = (
				00C4A16F2707ED1A007EE422 /* Weather_NabUITests.swift in Sources */,
				00C4A1712707ED1A007EE422 /* Weather_NabUITestsLaunchTests.swift in Sources */,
			);
			runOnlyForDeploymentPostprocessing = 0;
		};
/* End PBXSourcesBuildPhase section */

/* Begin PBXTargetDependency section */
		00C4A1622707ED1A007EE422 /* PBXTargetDependency */ = {
			isa = PBXTargetDependency;
			target = 00C4A1492707ED18007EE422 /* Weather Nab */;
			targetProxy = 00C4A1612707ED1A007EE422 /* PBXContainerItemProxy */;
		};
		00C4A16C2707ED1A007EE422 /* PBXTargetDependency */ = {
			isa = PBXTargetDependency;
			target = 00C4A1492707ED18007EE422 /* Weather Nab */;
			targetProxy = 00C4A16B2707ED1A007EE422 /* PBXContainerItemProxy */;
		};
/* End PBXTargetDependency section */

/* Begin PBXVariantGroup section */
		00C4A1582707ED19007EE422 /* LaunchScreen.storyboard */ = {
			isa = PBXVariantGroup;
			children = (
				00C4A1592707ED19007EE422 /* Base */,
			);
			name = LaunchScreen.storyboard;
			sourceTree = "<group>";
		};
/* End PBXVariantGroup section */

/* Begin XCBuildConfiguration section */
		00C4A1722707ED1A007EE422 /* Debug */ = {
			isa = XCBuildConfiguration;
			buildSettings = {
				ALWAYS_SEARCH_USER_PATHS = NO;
				CLANG_ANALYZER_NONNULL = YES;
				CLANG_ANALYZER_NUMBER_OBJECT_CONVERSION = YES_AGGRESSIVE;
				CLANG_CXX_LANGUAGE_STANDARD = "gnu++17";
				CLANG_CXX_LIBRARY = "libc++";
				CLANG_ENABLE_MODULES = YES;
				CLANG_ENABLE_OBJC_ARC = YES;
				CLANG_ENABLE_OBJC_WEAK = YES;
				CLANG_WARN_BLOCK_CAPTURE_AUTORELEASING = YES;
				CLANG_WARN_BOOL_CONVERSION = YES;
				CLANG_WARN_COMMA = YES;
				CLANG_WARN_CONSTANT_CONVERSION = YES;
				CLANG_WARN_DEPRECATED_OBJC_IMPLEMENTATIONS = YES;
				CLANG_WARN_DIRECT_OBJC_ISA_USAGE = YES_ERROR;
				CLANG_WARN_DOCUMENTATION_COMMENTS = YES;
				CLANG_WARN_EMPTY_BODY = YES;
				CLANG_WARN_ENUM_CONVERSION = YES;
				CLANG_WARN_INFINITE_RECURSION = YES;
				CLANG_WARN_INT_CONVERSION = YES;
				CLANG_WARN_NON_LITERAL_NULL_CONVERSION = YES;
				CLANG_WARN_OBJC_IMPLICIT_RETAIN_SELF = YES;
				CLANG_WARN_OBJC_LITERAL_CONVERSION = YES;
				CLANG_WARN_OBJC_ROOT_CLASS = YES_ERROR;
				CLANG_WARN_QUOTED_INCLUDE_IN_FRAMEWORK_HEADER = YES;
				CLANG_WARN_RANGE_LOOP_ANALYSIS = YES;
				CLANG_WARN_STRICT_PROTOTYPES = YES;
				CLANG_WARN_SUSPICIOUS_MOVE = YES;
				CLANG_WARN_UNGUARDED_AVAILABILITY = YES_AGGRESSIVE;
				CLANG_WARN_UNREACHABLE_CODE = YES;
				CLANG_WARN__DUPLICATE_METHOD_MATCH = YES;
				COPY_PHASE_STRIP = NO;
				DEBUG_INFORMATION_FORMAT = dwarf;
				ENABLE_STRICT_OBJC_MSGSEND = YES;
				ENABLE_TESTABILITY = YES;
				GCC_C_LANGUAGE_STANDARD = gnu11;
				GCC_DYNAMIC_NO_PIC = NO;
				GCC_NO_COMMON_BLOCKS = YES;
				GCC_OPTIMIZATION_LEVEL = 0;
				GCC_PREPROCESSOR_DEFINITIONS = (
					"DEBUG=1",
					"$(inherited)",
				);
				GCC_WARN_64_TO_32_BIT_CONVERSION = YES;
				GCC_WARN_ABOUT_RETURN_TYPE = YES_ERROR;
				GCC_WARN_UNDECLARED_SELECTOR = YES;
				GCC_WARN_UNINITIALIZED_AUTOS = YES_AGGRESSIVE;
				GCC_WARN_UNUSED_FUNCTION = YES;
				GCC_WARN_UNUSED_VARIABLE = YES;
				IPHONEOS_DEPLOYMENT_TARGET = 15.0;
				MTL_ENABLE_DEBUG_INFO = INCLUDE_SOURCE;
				MTL_FAST_MATH = YES;
				ONLY_ACTIVE_ARCH = YES;
				SDKROOT = iphoneos;
				SWIFT_ACTIVE_COMPILATION_CONDITIONS = DEBUG;
				SWIFT_OPTIMIZATION_LEVEL = "-Onone";
			};
			name = Debug;
		};
		00C4A1732707ED1A007EE422 /* Release */ = {
			isa = XCBuildConfiguration;
			buildSettings = {
				ALWAYS_SEARCH_USER_PATHS = NO;
				CLANG_ANALYZER_NONNULL = YES;
				CLANG_ANALYZER_NUMBER_OBJECT_CONVERSION = YES_AGGRESSIVE;
				CLANG_CXX_LANGUAGE_STANDARD = "gnu++17";
				CLANG_CXX_LIBRARY = "libc++";
				CLANG_ENABLE_MODULES = YES;
				CLANG_ENABLE_OBJC_ARC = YES;
				CLANG_ENABLE_OBJC_WEAK = YES;
				CLANG_WARN_BLOCK_CAPTURE_AUTORELEASING = YES;
				CLANG_WARN_BOOL_CONVERSION = YES;
				CLANG_WARN_COMMA = YES;
				CLANG_WARN_CONSTANT_CONVERSION = YES;
				CLANG_WARN_DEPRECATED_OBJC_IMPLEMENTATIONS = YES;
				CLANG_WARN_DIRECT_OBJC_ISA_USAGE = YES_ERROR;
				CLANG_WARN_DOCUMENTATION_COMMENTS = YES;
				CLANG_WARN_EMPTY_BODY = YES;
				CLANG_WARN_ENUM_CONVERSION = YES;
				CLANG_WARN_INFINITE_RECURSION = YES;
				CLANG_WARN_INT_CONVERSION = YES;
				CLANG_WARN_NON_LITERAL_NULL_CONVERSION = YES;
				CLANG_WARN_OBJC_IMPLICIT_RETAIN_SELF = YES;
				CLANG_WARN_OBJC_LITERAL_CONVERSION = YES;
				CLANG_WARN_OBJC_ROOT_CLASS = YES_ERROR;
				CLANG_WARN_QUOTED_INCLUDE_IN_FRAMEWORK_HEADER = YES;
				CLANG_WARN_RANGE_LOOP_ANALYSIS = YES;
				CLANG_WARN_STRICT_PROTOTYPES = YES;
				CLANG_WARN_SUSPICIOUS_MOVE = YES;
				CLANG_WARN_UNGUARDED_AVAILABILITY = YES_AGGRESSIVE;
				CLANG_WARN_UNREACHABLE_CODE = YES;
				CLANG_WARN__DUPLICATE_METHOD_MATCH = YES;
				COPY_PHASE_STRIP = NO;
				DEBUG_INFORMATION_FORMAT = "dwarf-with-dsym";
				ENABLE_NS_ASSERTIONS = NO;
				ENABLE_STRICT_OBJC_MSGSEND = YES;
				GCC_C_LANGUAGE_STANDARD = gnu11;
				GCC_NO_COMMON_BLOCKS = YES;
				GCC_WARN_64_TO_32_BIT_CONVERSION = YES;
				GCC_WARN_ABOUT_RETURN_TYPE = YES_ERROR;
				GCC_WARN_UNDECLARED_SELECTOR = YES;
				GCC_WARN_UNINITIALIZED_AUTOS = YES_AGGRESSIVE;
				GCC_WARN_UNUSED_FUNCTION = YES;
				GCC_WARN_UNUSED_VARIABLE = YES;
				IPHONEOS_DEPLOYMENT_TARGET = 15.0;
				MTL_ENABLE_DEBUG_INFO = NO;
				MTL_FAST_MATH = YES;
				SDKROOT = iphoneos;
				SWIFT_COMPILATION_MODE = wholemodule;
				SWIFT_OPTIMIZATION_LEVEL = "-O";
				VALIDATE_PRODUCT = YES;
			};
			name = Release;
		};
		00C4A1752707ED1A007EE422 /* Debug */ = {
			isa = XCBuildConfiguration;
			buildSettings = {
				ASSETCATALOG_COMPILER_APPICON_NAME = AppIcon;
				ASSETCATALOG_COMPILER_GLOBAL_ACCENT_COLOR_NAME = AccentColor;
				CODE_SIGN_STYLE = Automatic;
				CURRENT_PROJECT_VERSION = 1;
				DEVELOPMENT_TEAM = 2Y747J5D67;
				GENERATE_INFOPLIST_FILE = YES;
				INFOPLIST_FILE = "Weather Nab/Info.plist";
				INFOPLIST_KEY_UIApplicationSupportsIndirectInputEvents = YES;
				INFOPLIST_KEY_UILaunchStoryboardName = LaunchScreen;
				INFOPLIST_KEY_UISupportedInterfaceOrientations_iPad = "UIInterfaceOrientationPortrait UIInterfaceOrientationPortraitUpsideDown UIInterfaceOrientationLandscapeLeft UIInterfaceOrientationLandscapeRight";
				INFOPLIST_KEY_UISupportedInterfaceOrientations_iPhone = "UIInterfaceOrientationPortrait UIInterfaceOrientationLandscapeLeft UIInterfaceOrientationLandscapeRight";
				IPHONEOS_DEPLOYMENT_TARGET = 14.0;
				LD_RUNPATH_SEARCH_PATHS = (
					"$(inherited)",
					"@executable_path/Frameworks",
				);
				MARKETING_VERSION = 1.0;
				PRODUCT_BUNDLE_IDENTIFIER = "com.huynguyen.Weather-Nab";
				PRODUCT_NAME = "$(TARGET_NAME)";
				SWIFT_EMIT_LOC_STRINGS = YES;
				SWIFT_VERSION = 5.0;
				TARGETED_DEVICE_FAMILY = "1,2";
			};
			name = Debug;
		};
		00C4A1762707ED1A007EE422 /* Release */ = {
			isa = XCBuildConfiguration;
			buildSettings = {
				ASSETCATALOG_COMPILER_APPICON_NAME = AppIcon;
				ASSETCATALOG_COMPILER_GLOBAL_ACCENT_COLOR_NAME = AccentColor;
				CODE_SIGN_STYLE = Automatic;
				CURRENT_PROJECT_VERSION = 1;
				DEVELOPMENT_TEAM = 2Y747J5D67;
				GENERATE_INFOPLIST_FILE = YES;
				INFOPLIST_FILE = "Weather Nab/Info.plist";
				INFOPLIST_KEY_UIApplicationSupportsIndirectInputEvents = YES;
				INFOPLIST_KEY_UILaunchStoryboardName = LaunchScreen;
				INFOPLIST_KEY_UISupportedInterfaceOrientations_iPad = "UIInterfaceOrientationPortrait UIInterfaceOrientationPortraitUpsideDown UIInterfaceOrientationLandscapeLeft UIInterfaceOrientationLandscapeRight";
				INFOPLIST_KEY_UISupportedInterfaceOrientations_iPhone = "UIInterfaceOrientationPortrait UIInterfaceOrientationLandscapeLeft UIInterfaceOrientationLandscapeRight";
				IPHONEOS_DEPLOYMENT_TARGET = 14.0;
				LD_RUNPATH_SEARCH_PATHS = (
					"$(inherited)",
					"@executable_path/Frameworks",
				);
				MARKETING_VERSION = 1.0;
				PRODUCT_BUNDLE_IDENTIFIER = "com.huynguyen.Weather-Nab";
				PRODUCT_NAME = "$(TARGET_NAME)";
				SWIFT_EMIT_LOC_STRINGS = YES;
				SWIFT_VERSION = 5.0;
				TARGETED_DEVICE_FAMILY = "1,2";
			};
			name = Release;
		};
		00C4A1782707ED1A007EE422 /* Debug */ = {
			isa = XCBuildConfiguration;
			buildSettings = {
				ALWAYS_EMBED_SWIFT_STANDARD_LIBRARIES = YES;
				BUNDLE_LOADER = "$(TEST_HOST)";
				CODE_SIGN_STYLE = Automatic;
				CURRENT_PROJECT_VERSION = 1;
				DEVELOPMENT_TEAM = 2Y747J5D67;
				GENERATE_INFOPLIST_FILE = YES;
				IPHONEOS_DEPLOYMENT_TARGET = 15.0;
				LD_RUNPATH_SEARCH_PATHS = (
					"$(inherited)",
					"@executable_path/Frameworks",
					"@loader_path/Frameworks",
				);
				MARKETING_VERSION = 1.0;
				PRODUCT_BUNDLE_IDENTIFIER = "com.huynguyen.Weather-NabTests";
				PRODUCT_NAME = "$(TARGET_NAME)";
				SWIFT_EMIT_LOC_STRINGS = NO;
				SWIFT_VERSION = 5.0;
				TARGETED_DEVICE_FAMILY = "1,2";
				TEST_HOST = "$(BUILT_PRODUCTS_DIR)/Weather Nab.app/Weather Nab";
			};
			name = Debug;
		};
		00C4A1792707ED1A007EE422 /* Release */ = {
			isa = XCBuildConfiguration;
			buildSettings = {
				ALWAYS_EMBED_SWIFT_STANDARD_LIBRARIES = YES;
				BUNDLE_LOADER = "$(TEST_HOST)";
				CODE_SIGN_STYLE = Automatic;
				CURRENT_PROJECT_VERSION = 1;
				DEVELOPMENT_TEAM = 2Y747J5D67;
				GENERATE_INFOPLIST_FILE = YES;
				IPHONEOS_DEPLOYMENT_TARGET = 15.0;
				LD_RUNPATH_SEARCH_PATHS = (
					"$(inherited)",
					"@executable_path/Frameworks",
					"@loader_path/Frameworks",
				);
				MARKETING_VERSION = 1.0;
				PRODUCT_BUNDLE_IDENTIFIER = "com.huynguyen.Weather-NabTests";
				PRODUCT_NAME = "$(TARGET_NAME)";
				SWIFT_EMIT_LOC_STRINGS = NO;
				SWIFT_VERSION = 5.0;
				TARGETED_DEVICE_FAMILY = "1,2";
				TEST_HOST = "$(BUILT_PRODUCTS_DIR)/Weather Nab.app/Weather Nab";
			};
			name = Release;
		};
		00C4A17B2707ED1A007EE422 /* Debug */ = {
			isa = XCBuildConfiguration;
			buildSettings = {
				ALWAYS_EMBED_SWIFT_STANDARD_LIBRARIES = YES;
				CODE_SIGN_STYLE = Automatic;
				CURRENT_PROJECT_VERSION = 1;
				DEVELOPMENT_TEAM = 2Y747J5D67;
				GENERATE_INFOPLIST_FILE = YES;
				LD_RUNPATH_SEARCH_PATHS = (
					"$(inherited)",
					"@executable_path/Frameworks",
					"@loader_path/Frameworks",
				);
				MARKETING_VERSION = 1.0;
				PRODUCT_BUNDLE_IDENTIFIER = "com.huynguyen.Weather-NabUITests";
				PRODUCT_NAME = "$(TARGET_NAME)";
				SWIFT_EMIT_LOC_STRINGS = NO;
				SWIFT_VERSION = 5.0;
				TARGETED_DEVICE_FAMILY = "1,2";
				TEST_TARGET_NAME = "Weather Nab";
			};
			name = Debug;
		};
		00C4A17C2707ED1A007EE422 /* Release */ = {
			isa = XCBuildConfiguration;
			buildSettings = {
				ALWAYS_EMBED_SWIFT_STANDARD_LIBRARIES = YES;
				CODE_SIGN_STYLE = Automatic;
				CURRENT_PROJECT_VERSION = 1;
				DEVELOPMENT_TEAM = 2Y747J5D67;
				GENERATE_INFOPLIST_FILE = YES;
				LD_RUNPATH_SEARCH_PATHS = (
					"$(inherited)",
					"@executable_path/Frameworks",
					"@loader_path/Frameworks",
				);
				MARKETING_VERSION = 1.0;
				PRODUCT_BUNDLE_IDENTIFIER = "com.huynguyen.Weather-NabUITests";
				PRODUCT_NAME = "$(TARGET_NAME)";
				SWIFT_EMIT_LOC_STRINGS = NO;
				SWIFT_VERSION = 5.0;
				TARGETED_DEVICE_FAMILY = "1,2";
				TEST_TARGET_NAME = "Weather Nab";
			};
			name = Release;
		};
/* End XCBuildConfiguration section */

/* Begin XCConfigurationList section */
		00C4A1452707ED18007EE422 /* Build configuration list for PBXProject "Weather Nab" */ = {
			isa = XCConfigurationList;
			buildConfigurations = (
				00C4A1722707ED1A007EE422 /* Debug */,
				00C4A1732707ED1A007EE422 /* Release */,
			);
			defaultConfigurationIsVisible = 0;
			defaultConfigurationName = Release;
		};
		00C4A1742707ED1A007EE422 /* Build configuration list for PBXNativeTarget "Weather Nab" */ = {
			isa = XCConfigurationList;
			buildConfigurations = (
				00C4A1752707ED1A007EE422 /* Debug */,
				00C4A1762707ED1A007EE422 /* Release */,
			);
			defaultConfigurationIsVisible = 0;
			defaultConfigurationName = Release;
		};
		00C4A1772707ED1A007EE422 /* Build configuration list for PBXNativeTarget "Weather NabTests" */ = {
			isa = XCConfigurationList;
			buildConfigurations = (
				00C4A1782707ED1A007EE422 /* Debug */,
				00C4A1792707ED1A007EE422 /* Release */,
			);
			defaultConfigurationIsVisible = 0;
			defaultConfigurationName = Release;
		};
		00C4A17A2707ED1A007EE422 /* Build configuration list for PBXNativeTarget "Weather NabUITests" */ = {
			isa = XCConfigurationList;
			buildConfigurations = (
				00C4A17B2707ED1A007EE422 /* Debug */,
				00C4A17C2707ED1A007EE422 /* Release */,
			);
			defaultConfigurationIsVisible = 0;
			defaultConfigurationName = Release;
		};
/* End XCConfigurationList section */

/* Begin XCRemoteSwiftPackageReference section */
		00C4A17D2707F195007EE422 /* XCRemoteSwiftPackageReference "RxSwift" */ = {
			isa = XCRemoteSwiftPackageReference;
			repositoryURL = "https://github.com/ReactiveX/RxSwift";
			requirement = {
				kind = upToNextMinorVersion;
				minimumVersion = 6.2.0;
			};
		};
		00C4A1992707F440007EE422 /* XCRemoteSwiftPackageReference "Alamofire" */ = {
			isa = XCRemoteSwiftPackageReference;
			repositoryURL = "https://github.com/Alamofire/Alamofire";
			requirement = {
				kind = upToNextMinorVersion;
				minimumVersion = 5.4.0;
			};
		};
		00C4A19C2707F44F007EE422 /* XCRemoteSwiftPackageReference "EasyPeasy" */ = {
			isa = XCRemoteSwiftPackageReference;
			repositoryURL = "https://github.com/nakiostudio/EasyPeasy";
			requirement = {
				kind = upToNextMinorVersion;
				minimumVersion = 1.9.0;
			};
		};
/* End XCRemoteSwiftPackageReference section */

/* Begin XCSwiftPackageProductDependency section */
		00C4A1912707F352007EE422 /* RxCocoa */ = {
			isa = XCSwiftPackageProductDependency;
			package = 00C4A17D2707F195007EE422 /* XCRemoteSwiftPackageReference "RxSwift" */;
			productName = RxCocoa;
		};
		00C4A1932707F352007EE422 /* RxRelay */ = {
			isa = XCSwiftPackageProductDependency;
			package = 00C4A17D2707F195007EE422 /* XCRemoteSwiftPackageReference "RxSwift" */;
			productName = RxRelay;
		};
		00C4A1952707F352007EE422 /* RxSwift */ = {
			isa = XCSwiftPackageProductDependency;
			package = 00C4A17D2707F195007EE422 /* XCRemoteSwiftPackageReference "RxSwift" */;
			productName = RxSwift;
		};
		00C4A19A2707F440007EE422 /* Alamofire */ = {
			isa = XCSwiftPackageProductDependency;
			package = 00C4A1992707F440007EE422 /* XCRemoteSwiftPackageReference "Alamofire" */;
			productName = Alamofire;
		};
		00C4A19D2707F450007EE422 /* EasyPeasy */ = {
			isa = XCSwiftPackageProductDependency;
			package = 00C4A19C2707F44F007EE422 /* XCRemoteSwiftPackageReference "EasyPeasy" */;
			productName = EasyPeasy;
		};
/* End XCSwiftPackageProductDependency section */
	};
	rootObject = 00C4A1422707ED18007EE422 /* Project object */;
}
